
Microsoft Visual Studio Solution File, Format Version 12.00
# Visual Studio Version 16
VisualStudioVersion = 16.0.29613.14
MinimumVisualStudioVersion = 10.0.40219.1
Project("{FAE04EC0-301F-11D3-BF4B-00C04F79EFBC}") = "school", "school\school.csproj", "{5BBFFE3C-AE51-4DAC-A6C4-3D29B48FA6DC}"
EndProject
Global
	GlobalSection(SolutionConfigurationPlatforms) = preSolution
		Debug|Any CPU = Debug|Any CPU
		Release|Any CPU = Release|Any CPU
	EndGlobalSection
	GlobalSection(ProjectConfigurationPlatforms) = postSolution
		{5BBFFE3C-AE51-4DAC-A6C4-3D29B48FA6DC}.Debug|Any CPU.ActiveCfg = Debug|Any CPU
		{5BBFFE3C-AE51-4DAC-A6C4-3D29B48FA6DC}.Debug|Any CPU.Build.0 = Debug|Any CPU
		{5BBFFE3C-AE51-4DAC-A6C4-3D29B48FA6DC}.Release|Any CPU.ActiveCfg = Release|Any CPU
		{5BBFFE3C-AE51-4DAC-A6C4-3D29B48FA6DC}.Release|Any CPU.Build.0 = Release|Any CPU
	EndGlobalSection
	GlobalSection(SolutionProperties) = preSolution
		HideSolutionNode = FALSE
	EndGlobalSection
	GlobalSection(ExtensibilityGlobals) = postSolution
		SolutionGuid = {563832E2-3639-4EB2-A2D2-260EFAA5799F}
	EndGlobalSection
EndGlobal
