
Microsoft Visual Studio Solution File, Format Version 12.00
# Visual Studio Version 16
VisualStudioVersion = 16.0.29613.14
MinimumVisualStudioVersion = 10.0.40219.1
Project("{FAE04EC0-301F-11D3-BF4B-00C04F79EFBC}") = "schoolExercise", "schoolExercise\schoolExercise.csproj", "{E2978F96-6553-43CE-9238-0A5536B8B92E}"
EndProject
Global
	GlobalSection(SolutionConfigurationPlatforms) = preSolution
		Debug|Any CPU = Debug|Any CPU
		Release|Any CPU = Release|Any CPU
	EndGlobalSection
	GlobalSection(ProjectConfigurationPlatforms) = postSolution
		{E2978F96-6553-43CE-9238-0A5536B8B92E}.Debug|Any CPU.ActiveCfg = Debug|Any CPU
		{E2978F96-6553-43CE-9238-0A5536B8B92E}.Debug|Any CPU.Build.0 = Debug|Any CPU
		{E2978F96-6553-43CE-9238-0A5536B8B92E}.Release|Any CPU.ActiveCfg = Release|Any CPU
		{E2978F96-6553-43CE-9238-0A5536B8B92E}.Release|Any CPU.Build.0 = Release|Any CPU
	EndGlobalSection
	GlobalSection(SolutionProperties) = preSolution
		HideSolutionNode = FALSE
	EndGlobalSection
	GlobalSection(ExtensibilityGlobals) = postSolution
		SolutionGuid = {1405A6CD-3E8C-4BA9-8638-C302667E68DB}
	EndGlobalSection
EndGlobal
